
Microsoft Visual Studio Solution File, Format Version 12.00
# Visual Studio Version 17
VisualStudioVersion = 17.14.36623.8
MinimumVisualStudioVersion = 10.0.40219.1
Project("{FAE04EC0-301F-11D3-BF4B-00C04F79EFBC}") = "OpTeamUs", "OpTeamUs\OpTeamUs.csproj", "{3D28FF11-DEF3-4369-848B-8B563FA1A58E}"
EndProject
Project("{FAE04EC0-301F-11D3-BF4B-00C04F79EFBC}") = "OpTeamUs.Tests", "OpTeamUs.Tests\OpTeamUs.Tests.csproj", "{8E55EFD3-9D15-4DA4-ADE3-04E5AB31FBE4}"
EndProject
Global
	GlobalSection(SolutionConfigurationPlatforms) = preSolution
		Debug|Any CPU = Debug|Any CPU
		Release|Any CPU = Release|Any CPU
	EndGlobalSection
	GlobalSection(ProjectConfigurationPlatforms) = postSolution
		{3D28FF11-DEF3-4369-848B-8B563FA1A58E}.Debug|Any CPU.ActiveCfg = Debug|Any CPU
		{3D28FF11-DEF3-4369-848B-8B563FA1A58E}.Debug|Any CPU.Build.0 = Debug|Any CPU
		{3D28FF11-DEF3-4369-848B-8B563FA1A58E}.Release|Any CPU.ActiveCfg = Release|Any CPU
		{3D28FF11-DEF3-4369-848B-8B563FA1A58E}.Release|Any CPU.Build.0 = Release|Any CPU
		{8E55EFD3-9D15-4DA4-ADE3-04E5AB31FBE4}.Debug|Any CPU.ActiveCfg = Debug|Any CPU
		{8E55EFD3-9D15-4DA4-ADE3-04E5AB31FBE4}.Debug|Any CPU.Build.0 = Debug|Any CPU
		{8E55EFD3-9D15-4DA4-ADE3-04E5AB31FBE4}.Release|Any CPU.ActiveCfg = Release|Any CPU
		{8E55EFD3-9D15-4DA4-ADE3-04E5AB31FBE4}.Release|Any CPU.Build.0 = Release|Any CPU
	EndGlobalSection
	GlobalSection(SolutionProperties) = preSolution
		HideSolutionNode = FALSE
	EndGlobalSection
	GlobalSection(ExtensibilityGlobals) = postSolution
		SolutionGuid = {FD1F1436-87A3-4897-8EB9-B7493747EF2B}
	EndGlobalSection
EndGlobal
